
Microsoft Visual Studio Solution File, Format Version 12.00
# Visual Studio 15
VisualStudioVersion = 15.0.27004.2008
MinimumVisualStudioVersion = 10.0.40219.1
Project("{2150E333-8FDC-42A3-9474-1A3956D46DE8}") = "database", "database", "{1F9399F3-9BB1-49C7-9937-9704D7AFD85D}"
EndProject
Project("{2150E333-8FDC-42A3-9474-1A3956D46DE8}") = "_tests", "_tests", "{59BD5775-977B-4AEC-A7BC-D4CB815852B0}"
EndProject
Project("{00D1A9C2-B5F0-4AF3-8072-F6C62B433612}") = "ClawLibrary.Database", "ClawLibrary.Database\ClawLibrary.Database.sqlproj", "{F214AD12-17F5-4596-B7EB-64E8E686ACD7}"
EndProject
Project("{9A19103F-16F7-4668-BE54-9A1E7A4F7556}") = "ClawLibrary.Web", "ClawLibrary.Web\ClawLibrary.Web.csproj", "{198A252E-5F69-4F94-9645-9475315AAF63}"
EndProject
Project("{2150E333-8FDC-42A3-9474-1A3956D46DE8}") = "core", "core", "{3E8A4D34-6C16-4CE8-9A92-ED41C0D3BF17}"
EndProject
Project("{FAE04EC0-301F-11D3-BF4B-00C04F79EFBC}") = "ClawLibrary.Core", "ClawLibrary.Core\ClawLibrary.Core.csproj", "{B0EC541F-6726-4AA9-8232-1C57A1AD92C7}"
EndProject
Project("{FAE04EC0-301F-11D3-BF4B-00C04F79EFBC}") = "ClawLibrary.Data", "ClawLibrary.Data\ClawLibrary.Data.csproj", "{0E19AA80-3AF8-468F-A15D-5C7DB07032BE}"
EndProject
Project("{FAE04EC0-301F-11D3-BF4B-00C04F79EFBC}") = "ClawLibrary.Services", "ClawLibrary.Services\ClawLibrary.Services.csproj", "{B17F49EC-B556-4E9A-8E05-57905C33B522}"
EndProject
Project("{FAE04EC0-301F-11D3-BF4B-00C04F79EFBC}") = "ClawLibrary.Data.UnitTests", "_tests\ClawLibrary.Data.UnitTests\ClawLibrary.Data.UnitTests.csproj", "{C72408A4-3D53-4960-8BCA-1FC1824727C3}"
EndProject
Project("{FAE04EC0-301F-11D3-BF4B-00C04F79EFBC}") = "ClawLibrary.Services.UnitTests", "_tests\ClawLibrary.Services.UnitTest\ClawLibrary.Services.UnitTests.csproj", "{E4929B37-EA9E-4FEB-81DD-C13E78FAA305}"
EndProject
Project("{FAE04EC0-301F-11D3-BF4B-00C04F79EFBC}") = "ClawLibrary.Web.UnitTests", "ClawLibrary.Web.UnitTests\ClawLibrary.Web.UnitTests.csproj", "{E1F2DE5D-B6C4-4931-95A0-60056FAAE1D6}"
EndProject
Project("{2150E333-8FDC-42A3-9474-1A3956D46DE8}") = "_emailTemplates", "_emailTemplates", "{FADFAFBF-615A-4661-BE26-2B8D9EF3E6DC}"
	ProjectSection(SolutionItems) = preProject
		_emailTemplates\AccountVerificationTemplate.html = _emailTemplates\AccountVerificationTemplate.html
		_emailTemplates\ResetPasswordTemplate.html = _emailTemplates\ResetPasswordTemplate.html
	EndProjectSection
EndProject
Project("{2150E333-8FDC-42A3-9474-1A3956D46DE8}") = "images", "images", "{E3BF14CD-501A-4C22-BF77-FFDA331A758A}"
	ProjectSection(SolutionItems) = preProject
		_emailTemplates\images\banner.jpg = _emailTemplates\images\banner.jpg
		_emailTemplates\images\facebook.png = _emailTemplates\images\facebook.png
		_emailTemplates\images\twitter.png = _emailTemplates\images\twitter.png
	EndProjectSection
EndProject
Project("{FAE04EC0-301F-11D3-BF4B-00C04F79EFBC}") = "ClawLibrary.Mail", "ClawLibrary.Mail\ClawLibrary.Mail.csproj", "{2BED24DC-146F-4D89-A640-6703D99E9C9D}"
EndProject
Global
	GlobalSection(SolutionConfigurationPlatforms) = preSolution
		Debug|Any CPU = Debug|Any CPU
		Release|Any CPU = Release|Any CPU
	EndGlobalSection
	GlobalSection(ProjectConfigurationPlatforms) = postSolution
		{F214AD12-17F5-4596-B7EB-64E8E686ACD7}.Debug|Any CPU.ActiveCfg = Debug|Any CPU
		{F214AD12-17F5-4596-B7EB-64E8E686ACD7}.Debug|Any CPU.Build.0 = Debug|Any CPU
		{F214AD12-17F5-4596-B7EB-64E8E686ACD7}.Debug|Any CPU.Deploy.0 = Debug|Any CPU
		{F214AD12-17F5-4596-B7EB-64E8E686ACD7}.Release|Any CPU.ActiveCfg = Release|Any CPU
		{F214AD12-17F5-4596-B7EB-64E8E686ACD7}.Release|Any CPU.Build.0 = Release|Any CPU
		{F214AD12-17F5-4596-B7EB-64E8E686ACD7}.Release|Any CPU.Deploy.0 = Release|Any CPU
		{198A252E-5F69-4F94-9645-9475315AAF63}.Debug|Any CPU.ActiveCfg = Debug|Any CPU
		{198A252E-5F69-4F94-9645-9475315AAF63}.Debug|Any CPU.Build.0 = Debug|Any CPU
		{198A252E-5F69-4F94-9645-9475315AAF63}.Release|Any CPU.ActiveCfg = Release|Any CPU
		{198A252E-5F69-4F94-9645-9475315AAF63}.Release|Any CPU.Build.0 = Release|Any CPU
		{B0EC541F-6726-4AA9-8232-1C57A1AD92C7}.Debug|Any CPU.ActiveCfg = Debug|Any CPU
		{B0EC541F-6726-4AA9-8232-1C57A1AD92C7}.Debug|Any CPU.Build.0 = Debug|Any CPU
		{B0EC541F-6726-4AA9-8232-1C57A1AD92C7}.Release|Any CPU.ActiveCfg = Release|Any CPU
		{B0EC541F-6726-4AA9-8232-1C57A1AD92C7}.Release|Any CPU.Build.0 = Release|Any CPU
		{0E19AA80-3AF8-468F-A15D-5C7DB07032BE}.Debug|Any CPU.ActiveCfg = Debug|Any CPU
		{0E19AA80-3AF8-468F-A15D-5C7DB07032BE}.Debug|Any CPU.Build.0 = Debug|Any CPU
		{0E19AA80-3AF8-468F-A15D-5C7DB07032BE}.Release|Any CPU.ActiveCfg = Release|Any CPU
		{0E19AA80-3AF8-468F-A15D-5C7DB07032BE}.Release|Any CPU.Build.0 = Release|Any CPU
		{B17F49EC-B556-4E9A-8E05-57905C33B522}.Debug|Any CPU.ActiveCfg = Debug|Any CPU
		{B17F49EC-B556-4E9A-8E05-57905C33B522}.Debug|Any CPU.Build.0 = Debug|Any CPU
		{B17F49EC-B556-4E9A-8E05-57905C33B522}.Release|Any CPU.ActiveCfg = Release|Any CPU
		{B17F49EC-B556-4E9A-8E05-57905C33B522}.Release|Any CPU.Build.0 = Release|Any CPU
		{C72408A4-3D53-4960-8BCA-1FC1824727C3}.Debug|Any CPU.ActiveCfg = Debug|Any CPU
		{C72408A4-3D53-4960-8BCA-1FC1824727C3}.Debug|Any CPU.Build.0 = Debug|Any CPU
		{C72408A4-3D53-4960-8BCA-1FC1824727C3}.Release|Any CPU.ActiveCfg = Release|Any CPU
		{C72408A4-3D53-4960-8BCA-1FC1824727C3}.Release|Any CPU.Build.0 = Release|Any CPU
		{E4929B37-EA9E-4FEB-81DD-C13E78FAA305}.Debug|Any CPU.ActiveCfg = Debug|Any CPU
		{E4929B37-EA9E-4FEB-81DD-C13E78FAA305}.Debug|Any CPU.Build.0 = Debug|Any CPU
		{E4929B37-EA9E-4FEB-81DD-C13E78FAA305}.Release|Any CPU.ActiveCfg = Release|Any CPU
		{E4929B37-EA9E-4FEB-81DD-C13E78FAA305}.Release|Any CPU.Build.0 = Release|Any CPU
		{E1F2DE5D-B6C4-4931-95A0-60056FAAE1D6}.Debug|Any CPU.ActiveCfg = Debug|Any CPU
		{E1F2DE5D-B6C4-4931-95A0-60056FAAE1D6}.Debug|Any CPU.Build.0 = Debug|Any CPU
		{E1F2DE5D-B6C4-4931-95A0-60056FAAE1D6}.Release|Any CPU.ActiveCfg = Release|Any CPU
		{E1F2DE5D-B6C4-4931-95A0-60056FAAE1D6}.Release|Any CPU.Build.0 = Release|Any CPU
		{2BED24DC-146F-4D89-A640-6703D99E9C9D}.Debug|Any CPU.ActiveCfg = Debug|Any CPU
		{2BED24DC-146F-4D89-A640-6703D99E9C9D}.Debug|Any CPU.Build.0 = Debug|Any CPU
		{2BED24DC-146F-4D89-A640-6703D99E9C9D}.Release|Any CPU.ActiveCfg = Release|Any CPU
		{2BED24DC-146F-4D89-A640-6703D99E9C9D}.Release|Any CPU.Build.0 = Release|Any CPU
	EndGlobalSection
	GlobalSection(SolutionProperties) = preSolution
		HideSolutionNode = FALSE
	EndGlobalSection
	GlobalSection(NestedProjects) = preSolution
		{F214AD12-17F5-4596-B7EB-64E8E686ACD7} = {1F9399F3-9BB1-49C7-9937-9704D7AFD85D}
		{B0EC541F-6726-4AA9-8232-1C57A1AD92C7} = {3E8A4D34-6C16-4CE8-9A92-ED41C0D3BF17}
		{0E19AA80-3AF8-468F-A15D-5C7DB07032BE} = {3E8A4D34-6C16-4CE8-9A92-ED41C0D3BF17}
		{C72408A4-3D53-4960-8BCA-1FC1824727C3} = {59BD5775-977B-4AEC-A7BC-D4CB815852B0}
		{E4929B37-EA9E-4FEB-81DD-C13E78FAA305} = {59BD5775-977B-4AEC-A7BC-D4CB815852B0}
		{E1F2DE5D-B6C4-4931-95A0-60056FAAE1D6} = {59BD5775-977B-4AEC-A7BC-D4CB815852B0}
		{E3BF14CD-501A-4C22-BF77-FFDA331A758A} = {FADFAFBF-615A-4661-BE26-2B8D9EF3E6DC}
		{2BED24DC-146F-4D89-A640-6703D99E9C9D} = {3E8A4D34-6C16-4CE8-9A92-ED41C0D3BF17}
	EndGlobalSection
	GlobalSection(ExtensibilityGlobals) = postSolution
		SolutionGuid = {2CE2AF21-1767-4F60-A13E-5E3B05D52142}
	EndGlobalSection
EndGlobal
